
Microsoft Visual Studio Solution File, Format Version 12.00
# Visual Studio Version 16
VisualStudioVersion = 16.0.30011.22
MinimumVisualStudioVersion = 10.0.40219.1
Project("{FAE04EC0-301F-11D3-BF4B-00C04F79EFBC}") = "ParkingBooking.API", "ParkingBooking.API\ParkingBooking.API.csproj", "{5BC60B05-7652-48C1-83D4-5365671EADFF}"
EndProject
Global
	GlobalSection(SolutionConfigurationPlatforms) = preSolution
		Debug|Any CPU = Debug|Any CPU
		Release|Any CPU = Release|Any CPU
	EndGlobalSection
	GlobalSection(ProjectConfigurationPlatforms) = postSolution
		{5BC60B05-7652-48C1-83D4-5365671EADFF}.Debug|Any CPU.ActiveCfg = Debug|Any CPU
		{5BC60B05-7652-48C1-83D4-5365671EADFF}.Debug|Any CPU.Build.0 = Debug|Any CPU
		{5BC60B05-7652-48C1-83D4-5365671EADFF}.Release|Any CPU.ActiveCfg = Release|Any CPU
		{5BC60B05-7652-48C1-83D4-5365671EADFF}.Release|Any CPU.Build.0 = Release|Any CPU
	EndGlobalSection
	GlobalSection(SolutionProperties) = preSolution
		HideSolutionNode = FALSE
	EndGlobalSection
	GlobalSection(ExtensibilityGlobals) = postSolution
		SolutionGuid = {18621E20-13F3-4F99-B64A-E3DB4FA05AAD}
	EndGlobalSection
EndGlobal
